
Microsoft Visual Studio Solution File, Format Version 12.00
# Visual Studio 14
VisualStudioVersion = 14.0.25420.1
MinimumVisualStudioVersion = 10.0.40219.1
Project("{FAE04EC0-301F-11D3-BF4B-00C04F79EFBC}") = "FirstWebService", "FirstWebService\FirstWebService.csproj", "{F95A9B5D-4963-4C29-965F-F25FD6ADE741}"
EndProject
Project("{E24C65DC-7377-472B-9ABA-BC803B73C61A}") = "MathOpSite", "..\..\WebSites\MathOpSite\", "{63F51FAA-2350-4CF4-808A-DBFFC5EBB873}"
	ProjectSection(WebsiteProperties) = preProject
		TargetFrameworkMoniker = ".NETFramework,Version%3Dv4.5.2"
		Debug.AspNetCompiler.VirtualPath = "/localhost_6041"
		Debug.AspNetCompiler.PhysicalPath = "..\..\WebSites\MathOpSite\"
		Debug.AspNetCompiler.TargetPath = "PrecompiledWeb\localhost_6041\"
		Debug.AspNetCompiler.Updateable = "true"
		Debug.AspNetCompiler.ForceOverwrite = "true"
		Debug.AspNetCompiler.FixedNames = "false"
		Debug.AspNetCompiler.Debug = "True"
		Release.AspNetCompiler.VirtualPath = "/localhost_6041"
		Release.AspNetCompiler.PhysicalPath = "..\..\WebSites\MathOpSite\"
		Release.AspNetCompiler.TargetPath = "PrecompiledWeb\localhost_6041\"
		Release.AspNetCompiler.Updateable = "true"
		Release.AspNetCompiler.ForceOverwrite = "true"
		Release.AspNetCompiler.FixedNames = "false"
		Release.AspNetCompiler.Debug = "False"
		VWDPort = "6041"
		SlnRelativePath = "..\..\WebSites\MathOpSite\"
		DefaultWebSiteLanguage = "Visual C#"
	EndProjectSection
	ProjectSection(ProjectDependencies) = postProject
		{F95A9B5D-4963-4C29-965F-F25FD6ADE741} = {F95A9B5D-4963-4C29-965F-F25FD6ADE741}
	EndProjectSection
EndProject
Global
	GlobalSection(SolutionConfigurationPlatforms) = preSolution
		Debug|Any CPU = Debug|Any CPU
		Release|Any CPU = Release|Any CPU
	EndGlobalSection
	GlobalSection(ProjectConfigurationPlatforms) = postSolution
		{F95A9B5D-4963-4C29-965F-F25FD6ADE741}.Debug|Any CPU.ActiveCfg = Debug|Any CPU
		{F95A9B5D-4963-4C29-965F-F25FD6ADE741}.Debug|Any CPU.Build.0 = Debug|Any CPU
		{F95A9B5D-4963-4C29-965F-F25FD6ADE741}.Release|Any CPU.ActiveCfg = Release|Any CPU
		{F95A9B5D-4963-4C29-965F-F25FD6ADE741}.Release|Any CPU.Build.0 = Release|Any CPU
		{63F51FAA-2350-4CF4-808A-DBFFC5EBB873}.Debug|Any CPU.ActiveCfg = Debug|Any CPU
		{63F51FAA-2350-4CF4-808A-DBFFC5EBB873}.Debug|Any CPU.Build.0 = Debug|Any CPU
		{63F51FAA-2350-4CF4-808A-DBFFC5EBB873}.Release|Any CPU.ActiveCfg = Debug|Any CPU
		{63F51FAA-2350-4CF4-808A-DBFFC5EBB873}.Release|Any CPU.Build.0 = Debug|Any CPU
	EndGlobalSection
	GlobalSection(SolutionProperties) = preSolution
		HideSolutionNode = FALSE
	EndGlobalSection
EndGlobal
